# This file is autogenerated, do not edit; changes may be undone by the next 'dep ensure'.


[[projects]]
  branch = "master"
  digest = "1:9f85671ecc3386380d3922966f631379340e90eda153655c6648c6d27ff1cdf0"
  name = "bitbucket.org/maxhauser/jsmin"
  packages = ["."]
  pruneopts = "UT"
  revision = "aaafaa3f246e5389d84115c95ba983e309c6ade8"

[[projects]]
  branch = "master"
  digest = "1:91f2065fc0c1e78d031c5fb1dd860680063801f6bcc1de412094da65469217aa"
  name = "github.com/ParsePlatform/go.grace"
  packages = ["gracehttp"]
  pruneopts = "UT"
  revision = "75cf19382434e82df4dd84953f566b8ad23d6e9e"

[[projects]]
  branch = "master"
  digest = "1:c3560b1c4c0a13c25ad9424aab0938cdfc2493a9174b280d360d28da0910afd6"
  name = "github.com/abh/geoip"
  packages = ["."]
  pruneopts = "UT"
  revision = "07cea4480daa3f28edd2856f2a0490fbe83842eb"

[[projects]]
  branch = "master"
  digest = "1:5fe3f6ede1c208a2efd3b78fe4df0306aa9624edd39476143d14f0326e5a8d29"
  name = "github.com/facebookgo/clock"
  packages = ["."]
  pruneopts = "UT"
  revision = "600d898af40aa09a7a93ecb9265d87b0504b6f03"

[[projects]]
  branch = "master"
  digest = "1:433763f10d88dba9b533a7ea2fe9f5ee11e57e00306eb97a1f6090fd978e8fa1"
  name = "github.com/facebookgo/grace"
  packages = ["gracenet"]
  pruneopts = "UT"
  revision = "75cf19382434e82df4dd84953f566b8ad23d6e9e"

[[projects]]
  branch = "master"
  digest = "1:17cb421603403a24edb0c7eeb382295dd31c72ab9ccf31cf7f0a37971f00aaa7"
  name = "github.com/facebookgo/httpdown"
  packages = ["."]
  pruneopts = "UT"
  revision = "5979d39b15c26299dc282711b0d65b113daccea6"

[[projects]]
  branch = "master"
  digest = "1:02c7a4e944d94d6b80f51517158d10633b10775f528a3b7bdfc658d6f92415bd"
  name = "github.com/facebookgo/stats"
  packages = ["."]
  pruneopts = "UT"
  revision = "1b76add642e42c6ffba7211ad7b3939ce654526e"

[[projects]]
  digest = "1:4f269c76ac3a3ac14014412f3ae2149cca9a606183c86012d6ed864e78801009"
  name = "github.com/influxdata/influxdb"
  packages = [
    "client",
    "models",
    "pkg/escape",
  ]
  pruneopts = "UT"
  revision = "389de31c961831de0a9f4172173337d4a6193909"
  version = "v1.6.3"

[[projects]]
  digest = "1:b18ffc558326ebaed3b4a175617f1e12ed4e3f53d6ebfe5ba372a3de16d22278"
  name = "github.com/lib/pq"
  packages = [
    ".",
    "hstore",
    "oid",
  ]
  pruneopts = "UT"
  revision = "4ded0e9383f75c197b3a2aaa6d590ac52df6fd79"
  version = "v1.0.0"

[[projects]]
  branch = "master"
  digest = "1:c4556a44e350b50a490544d9b06e9fba9c286c21d6c0e47f54f3a9214597298c"
  name = "github.com/rcrowley/go-metrics"
  packages = ["."]
  pruneopts = "UT"
  revision = "e2704e165165ec55d062f5919b4b29494e9fa790"

[[projects]]
  branch = "master"
  digest = "1:efdc63d1d64cb25f0cb75a385abb74d6167609d73107b4ec215d2b3c97a3e838"
  name = "github.com/sburnett/cube"
  packages = ["."]
  pruneopts = "UT"
  revision = "cb3095b93574ea2f07a225821b8f2ad0a13c334d"

[[projects]]
  branch = "master"
  digest = "1:6764eb3d860b8bbcec6713633c372a44d31fbc73ab740d1f95682782373d8293"
  name = "github.com/vrischmann/go-metrics-influxdb"
  packages = ["."]
  pruneopts = "UT"
  revision = "43af8332c303f62ef62663b02b3b7d8a9802002a"

[solve-meta]
  analyzer-name = "dep"
  analyzer-version = 1
  input-imports = [
    "bitbucket.org/maxhauser/jsmin",
    "github.com/ParsePlatform/go.grace/gracehttp",
    "github.com/abh/geoip",
    "github.com/lib/pq",
    "github.com/lib/pq/hstore",
    "github.com/rcrowley/go-metrics",
    "github.com/sburnett/cube",
    "github.com/vrischmann/go-metrics-influxdb",
  ]
  solver-name = "gps-cdcl"
  solver-version = 1
